{
  "name": "factorio-server-mailer",
  "version": "1.0.0",
  "lockfileVersion": 3,
  "requires": true,
  "packages": {
    "": {
      "name": "factorio-server-mailer",
      "version": "1.0.0",
      "dependencies": {
        "lib-stupidmailjavascript": "file:../vendor/lib-stupidmailjavascript-0.1.0.tgz"
      }
    },
    "node_modules/lib-stupidmailjavascript": {
      "version": "0.1.0",
      "resolved": "file:../vendor/lib-stupidmailjavascript-0.1.0.tgz",
      "integrity": "sha512-5dpZdtlneWwAsu5gq0tzbdD5K/HdZkZXgCoF4cJSgPTk2dXYVgOypw9ykWogxu11I3W3PXql4KNLSyS6uy7SFw==",
      "license": "MIT",
      "engines": {
        "node": ">=18"
      }
    }
  }
}
